
Microsoft Visual Studio Solution File, Format Version 12.00
# Visual Studio Version 16
VisualStudioVersion = 16.0.32228.343
MinimumVisualStudioVersion = 10.0.40219.1
Project("{FAE04EC0-301F-11D3-BF4B-00C04F79EFBC}") = "RoverControlCenter", "RoverControlCenter\RoverControlCenter.csproj", "{0EBAE69E-4D8E-46CB-89DC-413C993281C7}"
EndProject
Global
	GlobalSection(SolutionConfigurationPlatforms) = preSolution
		Debug|Any CPU = Debug|Any CPU
		Release|Any CPU = Release|Any CPU
	EndGlobalSection
	GlobalSection(ProjectConfigurationPlatforms) = postSolution
		{0EBAE69E-4D8E-46CB-89DC-413C993281C7}.Debug|Any CPU.ActiveCfg = Debug|Any CPU
		{0EBAE69E-4D8E-46CB-89DC-413C993281C7}.Debug|Any CPU.Build.0 = Debug|Any CPU
		{0EBAE69E-4D8E-46CB-89DC-413C993281C7}.Release|Any CPU.ActiveCfg = Release|Any CPU
		{0EBAE69E-4D8E-46CB-89DC-413C993281C7}.Release|Any CPU.Build.0 = Release|Any CPU
	EndGlobalSection
	GlobalSection(SolutionProperties) = preSolution
		HideSolutionNode = FALSE
	EndGlobalSection
	GlobalSection(ExtensibilityGlobals) = postSolution
		SolutionGuid = {20121933-B597-47C2-A423-F78C7229AB20}
	EndGlobalSection
EndGlobal
